// !$*UTF8*$!
{
	archiveVersion = 1;
	classes = {
	};
	objectVersion = 56;
	objects = {

/* Begin PBXBuildFile section */
		EC75DBBE29C0777700E48E2F /* ScrollViewDetector.swift in Sources */ = {isa = PBXBuildFile; fileRef = EC75DBBD29C0777700E48E2F /* ScrollViewDetector.swift */; };
		EC75DBC029C077B800E48E2F /* RatingView.swift in Sources */ = {isa = PBXBuildFile; fileRef = EC75DBBF29C077B800E48E2F /* RatingView.swift */; };
		EC75DBC229C077E600E48E2F /* DetailView.swift in Sources */ = {isa = PBXBuildFile; fileRef = EC75DBC129C077E600E48E2F /* DetailView.swift */; };
		ECB1711729BF0E7E007D813D /* complex_animationApp.swift in Sources */ = {isa = PBXBuildFile; fileRef = ECB1711629BF0E7E007D813D /* complex_animationApp.swift */; };
		ECB1711929BF0E7E007D813D /* ContentView.swift in Sources */ = {isa = PBXBuildFile; fileRef = ECB1711829BF0E7E007D813D /* ContentView.swift */; };
		ECB1711B29BF0E7F007D813D /* Assets.xcassets in Resources */ = {isa = PBXBuildFile; fileRef = ECB1711A29BF0E7F007D813D /* Assets.xcassets */; };
		ECB1711E29BF0E7F007D813D /* Preview Assets.xcassets in Resources */ = {isa = PBXBuildFile; fileRef = ECB1711D29BF0E7F007D813D /* Preview Assets.xcassets */; };
		ECB1712729BF0ECF007D813D /* Book.swift in Sources */ = {isa = PBXBuildFile; fileRef = ECB1712629BF0ECF007D813D /* Book.swift */; };
		ECB1712929BF1329007D813D /* Home.swift in Sources */ = {isa = PBXBuildFile; fileRef = ECB1712829BF1329007D813D /* Home.swift */; };
/* End PBXBuildFile section */

/* Begin PBXFileReference section */
		EC75DBBD29C0777700E48E2F /* ScrollViewDetector.swift */ = {isa = PBXFileReference; lastKnownFileType = sourcecode.swift; path = ScrollViewDetector.swift; sourceTree = "<group>"; };
		EC75DBBF29C077B800E48E2F /* RatingView.swift */ = {isa = PBXFileReference; lastKnownFileType = sourcecode.swift; path = RatingView.swift; sourceTree = "<group>"; };
		EC75DBC129C077E600E48E2F /* DetailView.swift */ = {isa = PBXFileReference; lastKnownFileType = sourcecode.swift; path = DetailView.swift; sourceTree = "<group>"; };
		ECB1711329BF0E7E007D813D /* complex-animation.app */ = {isa = PBXFileReference; explicitFileType = wrapper.application; includeInIndex = 0; path = "complex-animation.app"; sourceTree = BUILT_PRODUCTS_DIR; };
		ECB1711629BF0E7E007D813D /* complex_animationApp.swift */ = {isa = PBXFileReference; lastKnownFileType = sourcecode.swift; path = complex_animationApp.swift; sourceTree = "<group>"; };
		ECB1711829BF0E7E007D813D /* ContentView.swift */ = {isa = PBXFileReference; lastKnownFileType = sourcecode.swift; path = ContentView.swift; sourceTree = "<group>"; };
		ECB1711A29BF0E7F007D813D /* Assets.xcassets */ = {isa = PBXFileReference; lastKnownFileType = folder.assetcatalog; path = Assets.xcassets; sourceTree = "<group>"; };
		ECB1711D29BF0E7F007D813D /* Preview Assets.xcassets */ = {isa = PBXFileReference; lastKnownFileType = folder.assetcatalog; path = "Preview Assets.xcassets"; sourceTree = "<group>"; };
		ECB1712629BF0ECF007D813D /* Book.swift */ = {isa = PBXFileReference; lastKnownFileType = sourcecode.swift; path = Book.swift; sourceTree = "<group>"; };
		ECB1712829BF1329007D813D /* Home.swift */ = {isa = PBXFileReference; lastKnownFileType = sourcecode.swift; path = Home.swift; sourceTree = "<group>"; };
/* End PBXFileReference section */

/* Begin PBXFrameworksBuildPhase section */
		ECB1711029BF0E7E007D813D /* Frameworks */ = {
			isa = PBXFrameworksBuildPhase;
			buildActionMask = 2147483647;
			files = (
			);
			runOnlyForDeploymentPostprocessing = 0;
		};
/* End PBXFrameworksBuildPhase section */

/* Begin PBXGroup section */
		ECB1710A29BF0E7E007D813D = {
			isa = PBXGroup;
			children = (
				ECB1711529BF0E7E007D813D /* complex-animation */,
				ECB1711429BF0E7E007D813D /* Products */,
			);
			sourceTree = "<group>";
		};
		ECB1711429BF0E7E007D813D /* Products */ = {
			isa = PBXGroup;
			children = (
				ECB1711329BF0E7E007D813D /* complex-animation.app */,
			);
			name = Products;
			sourceTree = "<group>";
		};
		ECB1711529BF0E7E007D813D /* complex-animation */ = {
			isa = PBXGroup;
			children = (
				ECB1711629BF0E7E007D813D /* complex_animationApp.swift */,
				ECB1711829BF0E7E007D813D /* ContentView.swift */,
				ECB1712429BF0EB8007D813D /* Models */,
				ECB1712529BF0EBE007D813D /* Views */,
				ECB1711A29BF0E7F007D813D /* Assets.xcassets */,
				ECB1711C29BF0E7F007D813D /* Preview Content */,
			);
			path = "complex-animation";
			sourceTree = "<group>";
		};
		ECB1711C29BF0E7F007D813D /* Preview Content */ = {
			isa = PBXGroup;
			children = (
				ECB1711D29BF0E7F007D813D /* Preview Assets.xcassets */,
			);
			path = "Preview Content";
			sourceTree = "<group>";
		};
		ECB1712429BF0EB8007D813D /* Models */ = {
			isa = PBXGroup;
			children = (
				ECB1712629BF0ECF007D813D /* Book.swift */,
			);
			path = Models;
			sourceTree = "<group>";
		};
		ECB1712529BF0EBE007D813D /* Views */ = {
			isa = PBXGroup;
			children = (
				EC75DBC129C077E600E48E2F /* DetailView.swift */,
				ECB1712829BF1329007D813D /* Home.swift */,
				EC75DBBF29C077B800E48E2F /* RatingView.swift */,
				EC75DBBD29C0777700E48E2F /* ScrollViewDetector.swift */,
			);
			path = Views;
			sourceTree = "<group>";
		};
/* End PBXGroup section */

/* Begin PBXNativeTarget section */
		ECB1711229BF0E7E007D813D /* complex-animation */ = {
			isa = PBXNativeTarget;
			buildConfigurationList = ECB1712129BF0E7F007D813D /* Build configuration list for PBXNativeTarget "complex-animation" */;
			buildPhases = (
				ECB1710F29BF0E7E007D813D /* Sources */,
				ECB1711029BF0E7E007D813D /* Frameworks */,
				ECB1711129BF0E7E007D813D /* Resources */,
			);
			buildRules = (
			);
			dependencies = (
			);
			name = "complex-animation";
			productName = "complex-animation";
			productReference = ECB1711329BF0E7E007D813D /* complex-animation.app */;
			productType = "com.apple.product-type.application";
		};
/* End PBXNativeTarget section */

/* Begin PBXProject section */
		ECB1710B29BF0E7E007D813D /* Project object */ = {
			isa = PBXProject;
			attributes = {
				BuildIndependentTargetsInParallel = 1;
				LastSwiftUpdateCheck = 1420;
				LastUpgradeCheck = 1420;
				TargetAttributes = {
					ECB1711229BF0E7E007D813D = {
						CreatedOnToolsVersion = 14.2;
					};
				};
			};
			buildConfigurationList = ECB1710E29BF0E7E007D813D /* Build configuration list for PBXProject "complex-animation" */;
			compatibilityVersion = "Xcode 14.0";
			developmentRegion = en;
			hasScannedForEncodings = 0;
			knownRegions = (
				en,
				Base,
			);
			mainGroup = ECB1710A29BF0E7E007D813D;
			productRefGroup = ECB1711429BF0E7E007D813D /* Products */;
			projectDirPath = "";
			projectRoot = "";
			targets = (
				ECB1711229BF0E7E007D813D /* complex-animation */,
			);
		};
/* End PBXProject section */

/* Begin PBXResourcesBuildPhase section */
		ECB1711129BF0E7E007D813D /* Resources */ = {
			isa = PBXResourcesBuildPhase;
			buildActionMask = 2147483647;
			files = (
				ECB1711E29BF0E7F007D813D /* Preview Assets.xcassets in Resources */,
				ECB1711B29BF0E7F007D813D /* Assets.xcassets in Resources */,
			);
			runOnlyForDeploymentPostprocessing = 0;
		};
/* End PBXResourcesBuildPhase section */

/* Begin PBXSourcesBuildPhase section */
		ECB1710F29BF0E7E007D813D /* Sources */ = {
			isa = PBXSourcesBuildPhase;
			buildActionMask = 2147483647;
			files = (
				EC75DBBE29C0777700E48E2F /* ScrollViewDetector.swift in Sources */,
				ECB1711929BF0E7E007D813D /* ContentView.swift in Sources */,
				ECB1711729BF0E7E007D813D /* complex_animationApp.swift in Sources */,
				EC75DBC229C077E600E48E2F /* DetailView.swift in Sources */,
				EC75DBC029C077B800E48E2F /* RatingView.swift in Sources */,
				ECB1712929BF1329007D813D /* Home.swift in Sources */,
				ECB1712729BF0ECF007D813D /* Book.swift in Sources */,
			);
			runOnlyForDeploymentPostprocessing = 0;
		};
/* End PBXSourcesBuildPhase section */

/* Begin XCBuildConfiguration section */
		ECB1711F29BF0E7F007D813D /* Debug */ = {
			isa = XCBuildConfiguration;
			buildSettings = {
				ALWAYS_SEARCH_USER_PATHS = NO;
				CLANG_ANALYZER_NONNULL = YES;
				CLANG_ANALYZER_NUMBER_OBJECT_CONVERSION = YES_AGGRESSIVE;
				CLANG_CXX_LANGUAGE_STANDARD = "gnu++20";
				CLANG_ENABLE_MODULES = YES;
				CLANG_ENABLE_OBJC_ARC = YES;
				CLANG_ENABLE_OBJC_WEAK = YES;
				CLANG_WARN_BLOCK_CAPTURE_AUTORELEASING = YES;
				CLANG_WARN_BOOL_CONVERSION = YES;
				CLANG_WARN_COMMA = YES;
				CLANG_WARN_CONSTANT_CONVERSION = YES;
				CLANG_WARN_DEPRECATED_OBJC_IMPLEMENTATIONS = YES;
				CLANG_WARN_DIRECT_OBJC_ISA_USAGE = YES_ERROR;
				CLANG_WARN_DOCUMENTATION_COMMENTS = YES;
				CLANG_WARN_EMPTY_BODY = YES;
				CLANG_WARN_ENUM_CONVERSION = YES;
				CLANG_WARN_INFINITE_RECURSION = YES;
				CLANG_WARN_INT_CONVERSION = YES;
				CLANG_WARN_NON_LITERAL_NULL_CONVERSION = YES;
				CLANG_WARN_OBJC_IMPLICIT_RETAIN_SELF = YES;
				CLANG_WARN_OBJC_LITERAL_CONVERSION = YES;
				CLANG_WARN_OBJC_ROOT_CLASS = YES_ERROR;
				CLANG_WARN_QUOTED_INCLUDE_IN_FRAMEWORK_HEADER = YES;
				CLANG_WARN_RANGE_LOOP_ANALYSIS = YES;
				CLANG_WARN_STRICT_PROTOTYPES = YES;
				CLANG_WARN_SUSPICIOUS_MOVE = YES;
				CLANG_WARN_UNGUARDED_AVAILABILITY = YES_AGGRESSIVE;
				CLANG_WARN_UNREACHABLE_CODE = YES;
				CLANG_WARN__DUPLICATE_METHOD_MATCH = YES;
				COPY_PHASE_STRIP = NO;
				DEBUG_INFORMATION_FORMAT = dwarf;
				ENABLE_STRICT_OBJC_MSGSEND = YES;
				ENABLE_TESTABILITY = YES;
				GCC_C_LANGUAGE_STANDARD = gnu11;
				GCC_DYNAMIC_NO_PIC = NO;
				GCC_NO_COMMON_BLOCKS = YES;
				GCC_OPTIMIZATION_LEVEL = 0;
				GCC_PREPROCESSOR_DEFINITIONS = (
					"DEBUG=1",
					"$(inherited)",
				);
				GCC_WARN_64_TO_32_BIT_CONVERSION = YES;
				GCC_WARN_ABOUT_RETURN_TYPE = YES_ERROR;
				GCC_WARN_UNDECLARED_SELECTOR = YES;
				GCC_WARN_UNINITIALIZED_AUTOS = YES_AGGRESSIVE;
				GCC_WARN_UNUSED_FUNCTION = YES;
				GCC_WARN_UNUSED_VARIABLE = YES;
				IPHONEOS_DEPLOYMENT_TARGET = 16.2;
				MTL_ENABLE_DEBUG_INFO = INCLUDE_SOURCE;
				MTL_FAST_MATH = YES;
				ONLY_ACTIVE_ARCH = YES;
				SDKROOT = iphoneos;
				SWIFT_ACTIVE_COMPILATION_CONDITIONS = DEBUG;
				SWIFT_OPTIMIZATION_LEVEL = "-Onone";
			};
			name = Debug;
		};
		ECB1712029BF0E7F007D813D /* Release */ = {
			isa = XCBuildConfiguration;
			buildSettings = {
				ALWAYS_SEARCH_USER_PATHS = NO;
				CLANG_ANALYZER_NONNULL = YES;
				CLANG_ANALYZER_NUMBER_OBJECT_CONVERSION = YES_AGGRESSIVE;
				CLANG_CXX_LANGUAGE_STANDARD = "gnu++20";
				CLANG_ENABLE_MODULES = YES;
				CLANG_ENABLE_OBJC_ARC = YES;
				CLANG_ENABLE_OBJC_WEAK = YES;
				CLANG_WARN_BLOCK_CAPTURE_AUTORELEASING = YES;
				CLANG_WARN_BOOL_CONVERSION = YES;
				CLANG_WARN_COMMA = YES;
				CLANG_WARN_CONSTANT_CONVERSION = YES;
				CLANG_WARN_DEPRECATED_OBJC_IMPLEMENTATIONS = YES;
				CLANG_WARN_DIRECT_OBJC_ISA_USAGE = YES_ERROR;
				CLANG_WARN_DOCUMENTATION_COMMENTS = YES;
				CLANG_WARN_EMPTY_BODY = YES;
				CLANG_WARN_ENUM_CONVERSION = YES;
				CLANG_WARN_INFINITE_RECURSION = YES;
				CLANG_WARN_INT_CONVERSION = YES;
				CLANG_WARN_NON_LITERAL_NULL_CONVERSION = YES;
				CLANG_WARN_OBJC_IMPLICIT_RETAIN_SELF = YES;
				CLANG_WARN_OBJC_LITERAL_CONVERSION = YES;
				CLANG_WARN_OBJC_ROOT_CLASS = YES_ERROR;
				CLANG_WARN_QUOTED_INCLUDE_IN_FRAMEWORK_HEADER = YES;
				CLANG_WARN_RANGE_LOOP_ANALYSIS = YES;
				CLANG_WARN_STRICT_PROTOTYPES = YES;
				CLANG_WARN_SUSPICIOUS_MOVE = YES;
				CLANG_WARN_UNGUARDED_AVAILABILITY = YES_AGGRESSIVE;
				CLANG_WARN_UNREACHABLE_CODE = YES;
				CLANG_WARN__DUPLICATE_METHOD_MATCH = YES;
				COPY_PHASE_STRIP = NO;
				DEBUG_INFORMATION_FORMAT = "dwarf-with-dsym";
				ENABLE_NS_ASSERTIONS = NO;
				ENABLE_STRICT_OBJC_MSGSEND = YES;
				GCC_C_LANGUAGE_STANDARD = gnu11;
				GCC_NO_COMMON_BLOCKS = YES;
				GCC_WARN_64_TO_32_BIT_CONVERSION = YES;
				GCC_WARN_ABOUT_RETURN_TYPE = YES_ERROR;
				GCC_WARN_UNDECLARED_SELECTOR = YES;
				GCC_WARN_UNINITIALIZED_AUTOS = YES_AGGRESSIVE;
				GCC_WARN_UNUSED_FUNCTION = YES;
				GCC_WARN_UNUSED_VARIABLE = YES;
				IPHONEOS_DEPLOYMENT_TARGET = 16.2;
				MTL_ENABLE_DEBUG_INFO = NO;
				MTL_FAST_MATH = YES;
				SDKROOT = iphoneos;
				SWIFT_COMPILATION_MODE = wholemodule;
				SWIFT_OPTIMIZATION_LEVEL = "-O";
				VALIDATE_PRODUCT = YES;
			};
			name = Release;
		};
		ECB1712229BF0E7F007D813D /* Debug */ = {
			isa = XCBuildConfiguration;
			buildSettings = {
				ASSETCATALOG_COMPILER_APPICON_NAME = AppIcon;
				ASSETCATALOG_COMPILER_GLOBAL_ACCENT_COLOR_NAME = AccentColor;
				CODE_SIGN_STYLE = Automatic;
				CURRENT_PROJECT_VERSION = 1;
				DEVELOPMENT_ASSET_PATHS = "\"complex-animation/Preview Content\"";
				DEVELOPMENT_TEAM = 7X6CSKVAS2;
				ENABLE_PREVIEWS = YES;
				GENERATE_INFOPLIST_FILE = YES;
				INFOPLIST_KEY_UIApplicationSceneManifest_Generation = YES;
				INFOPLIST_KEY_UIApplicationSupportsIndirectInputEvents = YES;
				INFOPLIST_KEY_UILaunchScreen_Generation = YES;
				INFOPLIST_KEY_UISupportedInterfaceOrientations_iPad = "UIInterfaceOrientationPortrait UIInterfaceOrientationPortraitUpsideDown UIInterfaceOrientationLandscapeLeft UIInterfaceOrientationLandscapeRight";
				INFOPLIST_KEY_UISupportedInterfaceOrientations_iPhone = "UIInterfaceOrientationPortrait UIInterfaceOrientationLandscapeLeft UIInterfaceOrientationLandscapeRight";
				LD_RUNPATH_SEARCH_PATHS = (
					"$(inherited)",
					"@executable_path/Frameworks",
				);
				MARKETING_VERSION = 1.0;
				PRODUCT_BUNDLE_IDENTIFIER = "com.tk1.complex-animation";
				PRODUCT_NAME = "$(TARGET_NAME)";
				SWIFT_EMIT_LOC_STRINGS = YES;
				SWIFT_VERSION = 5.0;
				TARGETED_DEVICE_FAMILY = "1,2";
			};
			name = Debug;
		};
		ECB1712329BF0E7F007D813D /* Release */ = {
			isa = XCBuildConfiguration;
			buildSettings = {
				ASSETCATALOG_COMPILER_APPICON_NAME = AppIcon;
				ASSETCATALOG_COMPILER_GLOBAL_ACCENT_COLOR_NAME = AccentColor;
				CODE_SIGN_STYLE = Automatic;
				CURRENT_PROJECT_VERSION = 1;
				DEVELOPMENT_ASSET_PATHS = "\"complex-animation/Preview Content\"";
				DEVELOPMENT_TEAM = 7X6CSKVAS2;
				ENABLE_PREVIEWS = YES;
				GENERATE_INFOPLIST_FILE = YES;
				INFOPLIST_KEY_UIApplicationSceneManifest_Generation = YES;
				INFOPLIST_KEY_UIApplicationSupportsIndirectInputEvents = YES;
				INFOPLIST_KEY_UILaunchScreen_Generation = YES;
				INFOPLIST_KEY_UISupportedInterfaceOrientations_iPad = "UIInterfaceOrientationPortrait UIInterfaceOrientationPortraitUpsideDown UIInterfaceOrientationLandscapeLeft UIInterfaceOrientationLandscapeRight";
				INFOPLIST_KEY_UISupportedInterfaceOrientations_iPhone = "UIInterfaceOrientationPortrait UIInterfaceOrientationLandscapeLeft UIInterfaceOrientationLandscapeRight";
				LD_RUNPATH_SEARCH_PATHS = (
					"$(inherited)",
					"@executable_path/Frameworks",
				);
				MARKETING_VERSION = 1.0;
				PRODUCT_BUNDLE_IDENTIFIER = "com.tk1.complex-animation";
				PRODUCT_NAME = "$(TARGET_NAME)";
				SWIFT_EMIT_LOC_STRINGS = YES;
				SWIFT_VERSION = 5.0;
				TARGETED_DEVICE_FAMILY = "1,2";
			};
			name = Release;
		};
/* End XCBuildConfiguration section */

/* Begin XCConfigurationList section */
		ECB1710E29BF0E7E007D813D /* Build configuration list for PBXProject "complex-animation" */ = {
			isa = XCConfigurationList;
			buildConfigurations = (
				ECB1711F29BF0E7F007D813D /* Debug */,
				ECB1712029BF0E7F007D813D /* Release */,
			);
			defaultConfigurationIsVisible = 0;
			defaultConfigurationName = Release;
		};
		ECB1712129BF0E7F007D813D /* Build configuration list for PBXNativeTarget "complex-animation" */ = {
			isa = XCConfigurationList;
			buildConfigurations = (
				ECB1712229BF0E7F007D813D /* Debug */,
				ECB1712329BF0E7F007D813D /* Release */,
			);
			defaultConfigurationIsVisible = 0;
			defaultConfigurationName = Release;
		};
/* End XCConfigurationList section */
	};
	rootObject = ECB1710B29BF0E7E007D813D /* Project object */;
}
